
Microsoft Visual Studio Solution File, Format Version 12.00
# Visual Studio 15
VisualStudioVersion = 15.0.28307.572
MinimumVisualStudioVersion = 10.0.40219.1
Project("{FAE04EC0-301F-11D3-BF4B-00C04F79EFBC}") = "PerlinNoisePlayGround", "PerlinNoisePlayGround\PerlinNoisePlayGround.csproj", "{7D6C34D7-4F51-4DD7-A7BE-F392EB907C36}"
EndProject
Global
	GlobalSection(SolutionConfigurationPlatforms) = preSolution
		Debug|Any CPU = Debug|Any CPU
		Release|Any CPU = Release|Any CPU
	EndGlobalSection
	GlobalSection(ProjectConfigurationPlatforms) = postSolution
		{7D6C34D7-4F51-4DD7-A7BE-F392EB907C36}.Debug|Any CPU.ActiveCfg = Debug|Any CPU
		{7D6C34D7-4F51-4DD7-A7BE-F392EB907C36}.Debug|Any CPU.Build.0 = Debug|Any CPU
		{7D6C34D7-4F51-4DD7-A7BE-F392EB907C36}.Release|Any CPU.ActiveCfg = Release|Any CPU
		{7D6C34D7-4F51-4DD7-A7BE-F392EB907C36}.Release|Any CPU.Build.0 = Release|Any CPU
	EndGlobalSection
	GlobalSection(SolutionProperties) = preSolution
		HideSolutionNode = FALSE
	EndGlobalSection
	GlobalSection(ExtensibilityGlobals) = postSolution
		SolutionGuid = {780C63F2-F76C-4601-B011-02671B5BB87A}
	EndGlobalSection
EndGlobal
